
Microsoft Visual Studio Solution File, Format Version 12.00
# Visual Studio Version 16
VisualStudioVersion = 16.0.29209.62
MinimumVisualStudioVersion = 10.0.40219.1
Project("{9A19103F-16F7-4668-BE54-9A1E7A4F7556}") = "WA.Common", "WA.Common\WA.Common.csproj", "{A309FE7C-DF9B-4916-A5E4-119F02C427FB}"
EndProject
Project("{2150E333-8FDC-42A3-9474-1A3956D46DE8}") = "WeatherGrabber", "WeatherGrabber", "{FE300DE3-7E27-408C-AF4F-7243372D6B0E}"
EndProject
Project("{2150E333-8FDC-42A3-9474-1A3956D46DE8}") = "DataLayer", "DataLayer", "{263CF715-CE17-4473-B532-1FDD7170F7DF}"
EndProject
Project("{2150E333-8FDC-42A3-9474-1A3956D46DE8}") = "API", "API", "{47D6C43A-C48C-49BA-B9BF-75B1D489F042}"
EndProject
Project("{2150E333-8FDC-42A3-9474-1A3956D46DE8}") = "Visual", "Visual", "{73F58F38-A557-4078-84B0-2052675A44C1}"
EndProject
Project("{2150E333-8FDC-42A3-9474-1A3956D46DE8}") = "Common", "Common", "{B069F2A4-57A9-4DF1-926B-EB1DBD357647}"
EndProject
Project("{FAE04EC0-301F-11D3-BF4B-00C04F79EFBC}") = "WA.API.WCF", "WA.API.WCF\WA.API.WCF.csproj", "{71A087B6-E128-4F68-97BB-B3B9854687E0}"
EndProject
Project("{FAE04EC0-301F-11D3-BF4B-00C04F79EFBC}") = "WA.Client", "WA.Client\WA.Client.csproj", "{A3E550A3-B049-493F-98A5-8CE65B3BEDE4}"
EndProject
Project("{FAE04EC0-301F-11D3-BF4B-00C04F79EFBC}") = "WA.Visual.WPF", "WA.Visual.WPF\WA.Visual.WPF.csproj", "{DCC535E2-0DA4-4E4C-BD5E-272CEE4287FB}"
EndProject
Project("{FAE04EC0-301F-11D3-BF4B-00C04F79EFBC}") = "WA.SelfHost", "WA.SelfHost\WA.SelfHost.csproj", "{60852493-FAF9-421F-ADC1-143DEA1A2E50}"
EndProject
Project("{9A19103F-16F7-4668-BE54-9A1E7A4F7556}") = "WA.Grabber.PhantomJS", "WA.Grabber.PhantomJS\WA.Grabber.PhantomJS.csproj", "{7DE5B35D-BCD1-44F9-B129-0CF17F379204}"
EndProject
Project("{9A19103F-16F7-4668-BE54-9A1E7A4F7556}") = "WA.Grabber.DotnetSpider", "WA.Grabber.DotnetSpider\WA.Grabber.DotnetSpider.csproj", "{9D9F907D-B680-4E72-92EA-F1E793301477}"
EndProject
Project("{9A19103F-16F7-4668-BE54-9A1E7A4F7556}") = "WA.Grabber.SJDirect", "WA.Grabber.SJDirect\WA.Grabber.SJDirect.csproj", "{09CE66D8-F7FF-49C4-9859-C5A3C9178AA5}"
EndProject
Project("{2150E333-8FDC-42A3-9474-1A3956D46DE8}") = "Tests", "Tests", "{12ED688F-EAED-4288-A084-4D99C8E2EA13}"
EndProject
Project("{FAE04EC0-301F-11D3-BF4B-00C04F79EFBC}") = "WA.Tests", "WA.Tests\WA.Tests.csproj", "{C08E9AF0-4C3E-4DF1-8A84-B76899CF6789}"
EndProject
Project("{FAE04EC0-301F-11D3-BF4B-00C04F79EFBC}") = "WA.Visual.WinForms", "WA.Visual.WinForms\WA.Visual.WinForms.csproj", "{71CDED10-8E10-4C2B-B4CB-74F4D8DD736F}"
EndProject
Project("{FAE04EC0-301F-11D3-BF4B-00C04F79EFBC}") = "WA.IOC", "WA.IOC\WA.IOC.csproj", "{405BF661-D3C5-4EE0-92AD-67CDFCF34649}"
EndProject
Project("{FAE04EC0-301F-11D3-BF4B-00C04F79EFBC}") = "WA.Service", "WA.Service\WA.Service.csproj", "{76FA5990-9EB5-48A8-A729-26F2024BA06C}"
EndProject
Project("{2150E333-8FDC-42A3-9474-1A3956D46DE8}") = "ApiClient", "ApiClient", "{20FB2613-96EC-49FA-B687-C2470BB15190}"
EndProject
Project("{FAE04EC0-301F-11D3-BF4B-00C04F79EFBC}") = "WA.WcfClient", "WA.WcfClient\WA.WcfClient.csproj", "{46AE364A-8FC4-4A82-A021-9E526F67C375}"
EndProject
Project("{9A19103F-16F7-4668-BE54-9A1E7A4F7556}") = "WA.DL.MySql", "WA.DL.MySql\WA.DL.MySql.csproj", "{51880964-CA10-4C9D-9007-330C81613388}"
EndProject
Project("{FAE04EC0-301F-11D3-BF4B-00C04F79EFBC}") = "WA.ApiService", "WA.ApiService\WA.ApiService.csproj", "{D349D636-0C57-4319-95A7-74E5962C94FC}"
EndProject
Global
	GlobalSection(SolutionConfigurationPlatforms) = preSolution
		Debug|Any CPU = Debug|Any CPU
		Release|Any CPU = Release|Any CPU
	EndGlobalSection
	GlobalSection(ProjectConfigurationPlatforms) = postSolution
		{A309FE7C-DF9B-4916-A5E4-119F02C427FB}.Debug|Any CPU.ActiveCfg = Debug|Any CPU
		{A309FE7C-DF9B-4916-A5E4-119F02C427FB}.Debug|Any CPU.Build.0 = Debug|Any CPU
		{A309FE7C-DF9B-4916-A5E4-119F02C427FB}.Release|Any CPU.ActiveCfg = Release|Any CPU
		{A309FE7C-DF9B-4916-A5E4-119F02C427FB}.Release|Any CPU.Build.0 = Release|Any CPU
		{71A087B6-E128-4F68-97BB-B3B9854687E0}.Debug|Any CPU.ActiveCfg = Debug|Any CPU
		{71A087B6-E128-4F68-97BB-B3B9854687E0}.Debug|Any CPU.Build.0 = Debug|Any CPU
		{71A087B6-E128-4F68-97BB-B3B9854687E0}.Release|Any CPU.ActiveCfg = Release|Any CPU
		{71A087B6-E128-4F68-97BB-B3B9854687E0}.Release|Any CPU.Build.0 = Release|Any CPU
		{A3E550A3-B049-493F-98A5-8CE65B3BEDE4}.Debug|Any CPU.ActiveCfg = Debug|Any CPU
		{A3E550A3-B049-493F-98A5-8CE65B3BEDE4}.Debug|Any CPU.Build.0 = Debug|Any CPU
		{A3E550A3-B049-493F-98A5-8CE65B3BEDE4}.Release|Any CPU.ActiveCfg = Release|Any CPU
		{A3E550A3-B049-493F-98A5-8CE65B3BEDE4}.Release|Any CPU.Build.0 = Release|Any CPU
		{DCC535E2-0DA4-4E4C-BD5E-272CEE4287FB}.Debug|Any CPU.ActiveCfg = Debug|Any CPU
		{DCC535E2-0DA4-4E4C-BD5E-272CEE4287FB}.Debug|Any CPU.Build.0 = Debug|Any CPU
		{DCC535E2-0DA4-4E4C-BD5E-272CEE4287FB}.Release|Any CPU.ActiveCfg = Release|Any CPU
		{DCC535E2-0DA4-4E4C-BD5E-272CEE4287FB}.Release|Any CPU.Build.0 = Release|Any CPU
		{60852493-FAF9-421F-ADC1-143DEA1A2E50}.Debug|Any CPU.ActiveCfg = Debug|Any CPU
		{60852493-FAF9-421F-ADC1-143DEA1A2E50}.Debug|Any CPU.Build.0 = Debug|Any CPU
		{60852493-FAF9-421F-ADC1-143DEA1A2E50}.Release|Any CPU.ActiveCfg = Release|Any CPU
		{60852493-FAF9-421F-ADC1-143DEA1A2E50}.Release|Any CPU.Build.0 = Release|Any CPU
		{7DE5B35D-BCD1-44F9-B129-0CF17F379204}.Debug|Any CPU.ActiveCfg = Debug|Any CPU
		{7DE5B35D-BCD1-44F9-B129-0CF17F379204}.Debug|Any CPU.Build.0 = Debug|Any CPU
		{7DE5B35D-BCD1-44F9-B129-0CF17F379204}.Release|Any CPU.ActiveCfg = Release|Any CPU
		{7DE5B35D-BCD1-44F9-B129-0CF17F379204}.Release|Any CPU.Build.0 = Release|Any CPU
		{9D9F907D-B680-4E72-92EA-F1E793301477}.Debug|Any CPU.ActiveCfg = Debug|Any CPU
		{9D9F907D-B680-4E72-92EA-F1E793301477}.Debug|Any CPU.Build.0 = Debug|Any CPU
		{9D9F907D-B680-4E72-92EA-F1E793301477}.Release|Any CPU.ActiveCfg = Release|Any CPU
		{9D9F907D-B680-4E72-92EA-F1E793301477}.Release|Any CPU.Build.0 = Release|Any CPU
		{09CE66D8-F7FF-49C4-9859-C5A3C9178AA5}.Debug|Any CPU.ActiveCfg = Debug|Any CPU
		{09CE66D8-F7FF-49C4-9859-C5A3C9178AA5}.Debug|Any CPU.Build.0 = Debug|Any CPU
		{09CE66D8-F7FF-49C4-9859-C5A3C9178AA5}.Release|Any CPU.ActiveCfg = Release|Any CPU
		{09CE66D8-F7FF-49C4-9859-C5A3C9178AA5}.Release|Any CPU.Build.0 = Release|Any CPU
		{C08E9AF0-4C3E-4DF1-8A84-B76899CF6789}.Debug|Any CPU.ActiveCfg = Debug|Any CPU
		{C08E9AF0-4C3E-4DF1-8A84-B76899CF6789}.Debug|Any CPU.Build.0 = Debug|Any CPU
		{C08E9AF0-4C3E-4DF1-8A84-B76899CF6789}.Release|Any CPU.ActiveCfg = Release|Any CPU
		{C08E9AF0-4C3E-4DF1-8A84-B76899CF6789}.Release|Any CPU.Build.0 = Release|Any CPU
		{71CDED10-8E10-4C2B-B4CB-74F4D8DD736F}.Debug|Any CPU.ActiveCfg = Debug|Any CPU
		{71CDED10-8E10-4C2B-B4CB-74F4D8DD736F}.Debug|Any CPU.Build.0 = Debug|Any CPU
		{71CDED10-8E10-4C2B-B4CB-74F4D8DD736F}.Release|Any CPU.ActiveCfg = Release|Any CPU
		{71CDED10-8E10-4C2B-B4CB-74F4D8DD736F}.Release|Any CPU.Build.0 = Release|Any CPU
		{405BF661-D3C5-4EE0-92AD-67CDFCF34649}.Debug|Any CPU.ActiveCfg = Debug|Any CPU
		{405BF661-D3C5-4EE0-92AD-67CDFCF34649}.Debug|Any CPU.Build.0 = Debug|Any CPU
		{405BF661-D3C5-4EE0-92AD-67CDFCF34649}.Release|Any CPU.ActiveCfg = Release|Any CPU
		{405BF661-D3C5-4EE0-92AD-67CDFCF34649}.Release|Any CPU.Build.0 = Release|Any CPU
		{76FA5990-9EB5-48A8-A729-26F2024BA06C}.Debug|Any CPU.ActiveCfg = Debug|Any CPU
		{76FA5990-9EB5-48A8-A729-26F2024BA06C}.Debug|Any CPU.Build.0 = Debug|Any CPU
		{76FA5990-9EB5-48A8-A729-26F2024BA06C}.Release|Any CPU.ActiveCfg = Release|Any CPU
		{76FA5990-9EB5-48A8-A729-26F2024BA06C}.Release|Any CPU.Build.0 = Release|Any CPU
		{46AE364A-8FC4-4A82-A021-9E526F67C375}.Debug|Any CPU.ActiveCfg = Debug|Any CPU
		{46AE364A-8FC4-4A82-A021-9E526F67C375}.Debug|Any CPU.Build.0 = Debug|Any CPU
		{46AE364A-8FC4-4A82-A021-9E526F67C375}.Release|Any CPU.ActiveCfg = Release|Any CPU
		{46AE364A-8FC4-4A82-A021-9E526F67C375}.Release|Any CPU.Build.0 = Release|Any CPU
		{51880964-CA10-4C9D-9007-330C81613388}.Debug|Any CPU.ActiveCfg = Debug|Any CPU
		{51880964-CA10-4C9D-9007-330C81613388}.Debug|Any CPU.Build.0 = Debug|Any CPU
		{51880964-CA10-4C9D-9007-330C81613388}.Release|Any CPU.ActiveCfg = Release|Any CPU
		{51880964-CA10-4C9D-9007-330C81613388}.Release|Any CPU.Build.0 = Release|Any CPU
		{D349D636-0C57-4319-95A7-74E5962C94FC}.Debug|Any CPU.ActiveCfg = Debug|Any CPU
		{D349D636-0C57-4319-95A7-74E5962C94FC}.Debug|Any CPU.Build.0 = Debug|Any CPU
		{D349D636-0C57-4319-95A7-74E5962C94FC}.Release|Any CPU.ActiveCfg = Release|Any CPU
		{D349D636-0C57-4319-95A7-74E5962C94FC}.Release|Any CPU.Build.0 = Release|Any CPU
	EndGlobalSection
	GlobalSection(SolutionProperties) = preSolution
		HideSolutionNode = FALSE
	EndGlobalSection
	GlobalSection(NestedProjects) = preSolution
		{A309FE7C-DF9B-4916-A5E4-119F02C427FB} = {B069F2A4-57A9-4DF1-926B-EB1DBD357647}
		{71A087B6-E128-4F68-97BB-B3B9854687E0} = {47D6C43A-C48C-49BA-B9BF-75B1D489F042}
		{DCC535E2-0DA4-4E4C-BD5E-272CEE4287FB} = {73F58F38-A557-4078-84B0-2052675A44C1}
		{7DE5B35D-BCD1-44F9-B129-0CF17F379204} = {FE300DE3-7E27-408C-AF4F-7243372D6B0E}
		{9D9F907D-B680-4E72-92EA-F1E793301477} = {FE300DE3-7E27-408C-AF4F-7243372D6B0E}
		{09CE66D8-F7FF-49C4-9859-C5A3C9178AA5} = {FE300DE3-7E27-408C-AF4F-7243372D6B0E}
		{C08E9AF0-4C3E-4DF1-8A84-B76899CF6789} = {12ED688F-EAED-4288-A084-4D99C8E2EA13}
		{71CDED10-8E10-4C2B-B4CB-74F4D8DD736F} = {73F58F38-A557-4078-84B0-2052675A44C1}
		{405BF661-D3C5-4EE0-92AD-67CDFCF34649} = {B069F2A4-57A9-4DF1-926B-EB1DBD357647}
		{46AE364A-8FC4-4A82-A021-9E526F67C375} = {20FB2613-96EC-49FA-B687-C2470BB15190}
		{51880964-CA10-4C9D-9007-330C81613388} = {263CF715-CE17-4473-B532-1FDD7170F7DF}
	EndGlobalSection
	GlobalSection(ExtensibilityGlobals) = postSolution
		SolutionGuid = {DF09DF56-5E89-4E77-BE91-9DADCE2C9914}
	EndGlobalSection
EndGlobal
